
Microsoft Visual Studio Solution File, Format Version 12.00
# Visual Studio 2013
VisualStudioVersion = 12.0.30110.0
MinimumVisualStudioVersion = 10.0.40219.1
Project("{FAE04EC0-301F-11D3-BF4B-00C04F79EFBC}") = "DemoMVC", "DemoMVC\DemoMVC.csproj", "{2A9A6FA4-FEE1-4C52-B91F-D95868715670}"
EndProject
Global
	GlobalSection(TeamFoundationVersionControl) = preSolution
		SccNumberOfProjects = 2
		SccEnterpriseProvider = {4CA58AB2-18FA-4F8D-95D4-32DDF27D184C}
		SccTeamFoundationServer = http://10.10.0.201:8080/tfs/diiage2016
		SccLocalPath0 = .
		SccProjectUniqueName1 = DemoMVC\\DemoMVC.csproj
		SccProjectName1 = DemoMVC
		SccLocalPath1 = DemoMVC
	EndGlobalSection
	GlobalSection(SolutionConfigurationPlatforms) = preSolution
		Debug|Any CPU = Debug|Any CPU
		Release|Any CPU = Release|Any CPU
	EndGlobalSection
	GlobalSection(ProjectConfigurationPlatforms) = postSolution
		{2A9A6FA4-FEE1-4C52-B91F-D95868715670}.Debug|Any CPU.ActiveCfg = Debug|Any CPU
		{2A9A6FA4-FEE1-4C52-B91F-D95868715670}.Debug|Any CPU.Build.0 = Debug|Any CPU
		{2A9A6FA4-FEE1-4C52-B91F-D95868715670}.Release|Any CPU.ActiveCfg = Release|Any CPU
		{2A9A6FA4-FEE1-4C52-B91F-D95868715670}.Release|Any CPU.Build.0 = Release|Any CPU
	EndGlobalSection
	GlobalSection(SolutionProperties) = preSolution
		HideSolutionNode = FALSE
	EndGlobalSection
EndGlobal
